
Microsoft Visual Studio Solution File, Format Version 12.00
# Visual Studio Version 16
VisualStudioVersion = 16.0.29509.3
MinimumVisualStudioVersion = 10.0.40219.1
Project("{FAE04EC0-301F-11D3-BF4B-00C04F79EFBC}") = "BGG Finder", "BGG Finder\BGG Finder.csproj", "{A81CDFF3-21ED-4CAE-BB2B-CBE15836BA01}"
EndProject
Global
	GlobalSection(SolutionConfigurationPlatforms) = preSolution
		Debug|Any CPU = Debug|Any CPU
		Release|Any CPU = Release|Any CPU
	EndGlobalSection
	GlobalSection(ProjectConfigurationPlatforms) = postSolution
		{A81CDFF3-21ED-4CAE-BB2B-CBE15836BA01}.Debug|Any CPU.ActiveCfg = Debug|Any CPU
		{A81CDFF3-21ED-4CAE-BB2B-CBE15836BA01}.Debug|Any CPU.Build.0 = Debug|Any CPU
		{A81CDFF3-21ED-4CAE-BB2B-CBE15836BA01}.Release|Any CPU.ActiveCfg = Release|Any CPU
		{A81CDFF3-21ED-4CAE-BB2B-CBE15836BA01}.Release|Any CPU.Build.0 = Release|Any CPU
	EndGlobalSection
	GlobalSection(SolutionProperties) = preSolution
		HideSolutionNode = FALSE
	EndGlobalSection
	GlobalSection(ExtensibilityGlobals) = postSolution
		SolutionGuid = {910C636C-E30A-4F21-8AEA-E03F1FF79CD7}
	EndGlobalSection
EndGlobal
